{
  "lockfile_version": "1",
  "packages": {
    "go-task@latest": {
      "last_modified": "2025-01-04T17:00:17Z",
      "resolved": "github:NixOS/nixpkgs/a1945f760a8fe019a4d753808de424dcd4e5b3cf#go-task",
      "source": "devbox-search",
      "version": "3.40.1",
      "systems": {
        "aarch64-darwin": {
          "outputs": [
            {
              "name": "out",
              "path": "/nix/store/j7qhiv1i0kamdik0gh9q5r47llvl8z8y-go-task-3.40.1",
              "default": true
            }
          ],
          "store_path": "/nix/store/j7qhiv1i0kamdik0gh9q5r47llvl8z8y-go-task-3.40.1"
        },
        "aarch64-linux": {
          "outputs": [
            {
              "name": "out",
              "path": "/nix/store/paf37ssbfhb9hxg1cd5znswzwmx8sdss-go-task-3.40.1",
              "default": true
            }
          ],
          "store_path": "/nix/store/paf37ssbfhb9hxg1cd5znswzwmx8sdss-go-task-3.40.1"
        },
        "x86_64-darwin": {
          "outputs": [
            {
              "name": "out",
              "path": "/nix/store/yrfn4jmxsw16ngmgxslff18nrf7h1xy5-go-task-3.40.1",
              "default": true
            }
          ],
          "store_path": "/nix/store/yrfn4jmxsw16ngmgxslff18nrf7h1xy5-go-task-3.40.1"
        },
        "x86_64-linux": {
          "outputs": [
            {
              "name": "out",
              "path": "/nix/store/66bmnhrlh62vxflw0siz8s7i5pff7i7j-go-task-3.40.1",
              "default": true
            }
          ],
          "store_path": "/nix/store/66bmnhrlh62vxflw0siz8s7i5pff7i7j-go-task-3.40.1"
        }
      }
    },
    "go@1.23.4": {
      "last_modified": "2024-12-23T21:10:33Z",
      "resolved": "github:NixOS/nixpkgs/de1864217bfa9b5845f465e771e0ecb48b30e02d#go",
      "source": "devbox-search",
      "version": "1.23.4",
      "systems": {
        "aarch64-darwin": {
          "outputs": [
            {
              "name": "out",
              "path": "/nix/store/bva4mymi5b2lhvvbccx8ipws89rar1d8-go-1.23.4",
              "default": true
            }
          ],
          "store_path": "/nix/store/bva4mymi5b2lhvvbccx8ipws89rar1d8-go-1.23.4"
        },
        "aarch64-linux": {
          "outputs": [
            {
              "name": "out",
              "path": "/nix/store/9lvi0l2yf6bwamsjs5d5n9i57c6kbd2c-go-1.23.4",
              "default": true
            }
          ],
          "store_path": "/nix/store/9lvi0l2yf6bwamsjs5d5n9i57c6kbd2c-go-1.23.4"
        },
        "x86_64-darwin": {
          "outputs": [
            {
              "name": "out",
              "path": "/nix/store/sf1y7x29wvp9lppx5ya9h5b42fcmxb32-go-1.23.4",
              "default": true
            }
          ],
          "store_path": "/nix/store/sf1y7x29wvp9lppx5ya9h5b42fcmxb32-go-1.23.4"
        },
        "x86_64-linux": {
          "outputs": [
            {
              "name": "out",
              "path": "/nix/store/jfv85qbj4vb1dafcg6kncg4vrbq2bbxv-go-1.23.4",
              "default": true
            }
          ],
          "store_path": "/nix/store/jfv85qbj4vb1dafcg6kncg4vrbq2bbxv-go-1.23.4"
        }
      }
    },
    "terramate@latest": {
      "last_modified": "2025-01-25T23:17:58Z",
      "resolved": "github:NixOS/nixpkgs/b582bb5b0d7af253b05d58314b85ab8ec46b8d19#terramate",
      "source": "devbox-search",
      "version": "0.11.6",
      "systems": {
        "aarch64-darwin": {
          "outputs": [
            {
              "name": "out",
              "path": "/nix/store/i51lhryq3ds3x39by1rhah1jq4y1r08i-terramate-0.11.6",
              "default": true
            }
          ],
          "store_path": "/nix/store/i51lhryq3ds3x39by1rhah1jq4y1r08i-terramate-0.11.6"
        },
        "aarch64-linux": {
          "outputs": [
            {
              "name": "out",
              "path": "/nix/store/43adh9xwlhry3c49mpxp5shmvjy2s5j3-terramate-0.11.6",
              "default": true
            }
          ],
          "store_path": "/nix/store/43adh9xwlhry3c49mpxp5shmvjy2s5j3-terramate-0.11.6"
        },
        "x86_64-darwin": {
          "outputs": [
            {
              "name": "out",
              "path": "/nix/store/38klzw7z4nphfczhi5vvmmc9pz06kjgc-terramate-0.11.6",
              "default": true
            }
          ],
          "store_path": "/nix/store/38klzw7z4nphfczhi5vvmmc9pz06kjgc-terramate-0.11.6"
        },
        "x86_64-linux": {
          "outputs": [
            {
              "name": "out",
              "path": "/nix/store/82z2d4hpgdi3jwpnpxhnzgjp7rnxny9i-terramate-0.11.6",
              "default": true
            }
          ],
          "store_path": "/nix/store/82z2d4hpgdi3jwpnpxhnzgjp7rnxny9i-terramate-0.11.6"
        }
      }
    }
  }
}
